
Microsoft Visual Studio Solution File, Format Version 12.00
# Visual Studio 14
VisualStudioVersion = 14.0.24720.0
MinimumVisualStudioVersion = 10.0.40219.1
Project("{FAE04EC0-301F-11D3-BF4B-00C04F79EFBC}") = "SwCSharpAddinMF", "SwCSharpAddinMF\SwCSharpAddinMF.csproj", "{A67399BE-AAF7-433F-8F72-9B0424C5BE67}"
EndProject
Project("{FAE04EC0-301F-11D3-BF4B-00C04F79EFBC}") = "SwCSharpAddinMF.Spec", "SwCSharpAddinMF.Spec\SwCSharpAddinMF.Spec.csproj", "{117A5363-F5AF-462B-8769-C2733132EF2C}"
EndProject
Project("{FAE04EC0-301F-11D3-BF4B-00C04F79EFBC}") = "SolidworksAddinFramework", "SolidworksAddinFramework\SolidworksAddinFramework.csproj", "{FE89110C-7405-4070-AB58-C83C12CE6CA5}"
EndProject
Project("{FAE04EC0-301F-11D3-BF4B-00C04F79EFBC}") = "SolidworksAddinFramework.Spec", "SolidworksAddinFramework.Spec\SolidworksAddinFramework.Spec.csproj", "{39585804-63EB-4B00-A568-4268C7BF8C40}"
EndProject
Project("{FAE04EC0-301F-11D3-BF4B-00C04F79EFBC}") = "XUnit.Solidworks.Addin", "XUnit.Solidworks.Addin\XUnit.Solidworks.Addin.csproj", "{1C3FAA0E-34F9-4627-9B3D-833F48ED8038}"
EndProject
Global
	GlobalSection(SolutionConfigurationPlatforms) = preSolution
		Debug|Any CPU = Debug|Any CPU
		Release|Any CPU = Release|Any CPU
	EndGlobalSection
	GlobalSection(ProjectConfigurationPlatforms) = postSolution
		{A67399BE-AAF7-433F-8F72-9B0424C5BE67}.Debug|Any CPU.ActiveCfg = Debug|Any CPU
		{A67399BE-AAF7-433F-8F72-9B0424C5BE67}.Debug|Any CPU.Build.0 = Debug|Any CPU
		{A67399BE-AAF7-433F-8F72-9B0424C5BE67}.Release|Any CPU.ActiveCfg = Release|Any CPU
		{A67399BE-AAF7-433F-8F72-9B0424C5BE67}.Release|Any CPU.Build.0 = Release|Any CPU
		{117A5363-F5AF-462B-8769-C2733132EF2C}.Debug|Any CPU.ActiveCfg = Debug|Any CPU
		{117A5363-F5AF-462B-8769-C2733132EF2C}.Debug|Any CPU.Build.0 = Debug|Any CPU
		{117A5363-F5AF-462B-8769-C2733132EF2C}.Release|Any CPU.ActiveCfg = Release|Any CPU
		{117A5363-F5AF-462B-8769-C2733132EF2C}.Release|Any CPU.Build.0 = Release|Any CPU
		{FE89110C-7405-4070-AB58-C83C12CE6CA5}.Debug|Any CPU.ActiveCfg = Debug|Any CPU
		{FE89110C-7405-4070-AB58-C83C12CE6CA5}.Debug|Any CPU.Build.0 = Debug|Any CPU
		{FE89110C-7405-4070-AB58-C83C12CE6CA5}.Release|Any CPU.ActiveCfg = Release|Any CPU
		{FE89110C-7405-4070-AB58-C83C12CE6CA5}.Release|Any CPU.Build.0 = Release|Any CPU
		{39585804-63EB-4B00-A568-4268C7BF8C40}.Debug|Any CPU.ActiveCfg = Debug|Any CPU
		{39585804-63EB-4B00-A568-4268C7BF8C40}.Debug|Any CPU.Build.0 = Debug|Any CPU
		{39585804-63EB-4B00-A568-4268C7BF8C40}.Release|Any CPU.ActiveCfg = Release|Any CPU
		{39585804-63EB-4B00-A568-4268C7BF8C40}.Release|Any CPU.Build.0 = Release|Any CPU
		{1C3FAA0E-34F9-4627-9B3D-833F48ED8038}.Debug|Any CPU.ActiveCfg = Debug|Any CPU
		{1C3FAA0E-34F9-4627-9B3D-833F48ED8038}.Debug|Any CPU.Build.0 = Debug|Any CPU
		{1C3FAA0E-34F9-4627-9B3D-833F48ED8038}.Release|Any CPU.ActiveCfg = Release|Any CPU
		{1C3FAA0E-34F9-4627-9B3D-833F48ED8038}.Release|Any CPU.Build.0 = Release|Any CPU
	EndGlobalSection
	GlobalSection(SolutionProperties) = preSolution
		HideSolutionNode = FALSE
	EndGlobalSection
EndGlobal
